{
 "compaction::CompactionDetails": "#[derive(Debug, Clone, PartialEq, Default, Serialize, Deserialize)] #[serde(rename_all = \"camelCase\")] pub struct CompactionDetails { #[serde(default, skip_serializing_if = \"Vec::is_empty\")] pub read_files: Vec<String>, #[serde(default, skip_serializing_if = \"Vec::is_empty\")] pub modified_files: Vec<String>, #[serde(skip_serializing_if = \"Option::is_none\")] pub window: Option<CompactionWindow>, #[serde(flatten)] pub extra: Map<String, Value>, }",
 "compaction::CompactionWindow": "#[derive(Debug, Clone, PartialEq, Serialize, Deserialize)] #[serde(rename_all = \"camelCase\")] pub struct CompactionWindow { pub first: String, #[serde(skip_serializing_if = \"Option::is_none\")] pub previous: Option<String>, pub id: String, pub number: u64, }",
 "entry::Entry": "#[derive(Debug, Clone, PartialEq, Serialize, Deserialize)] #[expect( clippy::large_enum_variant, reason = \"wire DTOs mirror the JSON; variants are parse-then-drop, boxing buys nothing\" )] #[serde(tag = \"type\", rename_all = \"snake_case\")] pub enum Entry { #[serde(rename_all = \"camelCase\")] Message { id: String, message: AgentMessage, #[serde(skip_serializing_if = \"Option::is_none\")] terminate: Option<bool>, parent_id: Option<String>, seq: u64, timestamp: u64, }, #[serde(rename_all = \"camelCase\")] ModelChange { id: String, provider: String, model_id: String, parent_id: Option<String>, seq: u64, timestamp: u64, }, #[serde(rename_all = \"camelCase\")] ThinkingLevelChange { id: String, thinking_level: String, parent_id: Option<String>, seq: u64, timestamp: u64, }, #[serde(rename_all = \"camelCase\")] ActiveToolsChange { id: String, active_tool_names: Vec<String>, parent_id: Option<String>, seq: u64, timestamp: u64, }, #[serde(rename_all = \"camelCase\")] Compaction { id: String, summary: String, retained_tail: Vec<AgentMessage>, tokens_before: u64, #[serde(skip_serializing_if = \"Option::is_none\")] details: Option<Value>, #[serde(skip_serializing_if = \"Option::is_none\")] usage: Option<Usage>, parent_id: Option<String>, seq: u64, timestamp: u64, }, #[serde(rename_all = \"camelCase\")] BranchSummary { id: String, from_id: String, summary: String, #[serde(skip_serializing_if = \"Option::is_none\")] details: Option<Value>, #[serde(skip_serializing_if = \"Option::is_none\")] usage: Option<Usage>, parent_id: Option<String>, seq: u64, timestamp: u64, }, #[serde(rename_all = \"camelCase\")] Custom { id: String, custom_type: String, #[serde(skip_serializing_if = \"Option::is_none\")] data: Option<Value>, parent_id: Option<String>, seq: u64, timestamp: u64, }, }",
 "event::AgentEvent": "#[expect( clippy::large_enum_variant, reason = \"wire DTOs mirror the JSON; variants are parse-then-drop, boxing buys nothing\" )] #[derive(Debug, Clone, PartialEq, Serialize, Deserialize)] #[serde(tag = \"type\", rename_all = \"snake_case\")] pub enum AgentEvent { AgentStart, AgentEnd { messages: Vec<AgentMessage>, }, TurnStart, TurnEnd { message: AgentMessage, #[serde(rename = \"toolResults\")] tool_results: Vec<AgentMessage>, }, MessageStart { message: AgentMessage, }, MessageUpdate { message: AgentMessage, #[serde(rename = \"assistantMessageEvent\")] assistant_message_event: AssistantMessageEvent, }, MessageEnd { message: AgentMessage, }, ToolExecutionStart { #[serde(rename = \"toolCallId\")] tool_call_id: String, #[serde(rename = \"toolName\")] tool_name: String, args: Value, }, ToolExecutionUpdate { #[serde(rename = \"toolCallId\")] tool_call_id: String, #[serde(rename = \"toolName\")] tool_name: String, args: Value, #[serde(rename = \"partialResult\")] partial_result: ToolResult, }, ToolExecutionEnd { #[serde(rename = \"toolCallId\")] tool_call_id: String, #[serde(rename = \"toolName\")] tool_name: String, result: ToolResult, #[serde(rename = \"isError\")] is_error: bool, }, PermissionRequested { #[serde(rename = \"toolCallId\")] tool_call_id: String, title: String, description: String, }, PermissionResolved { #[serde(rename = \"toolCallId\")] tool_call_id: String, allowed: bool, }, }",
 "event::AssistantMessageEvent": "#[derive(Debug, Clone, PartialEq, Serialize, Deserialize)] #[serde(tag = \"type\", rename_all = \"snake_case\")] pub enum AssistantMessageEvent { Start { partial: AgentMessage, }, TextStart { #[serde(rename = \"contentIndex\")] content_index: usize, partial: AgentMessage, }, TextDelta { #[serde(rename = \"contentIndex\")] content_index: usize, delta: String, partial: AgentMessage, }, TextEnd { #[serde(rename = \"contentIndex\")] content_index: usize, content: String, partial: AgentMessage, }, ThinkingStart { #[serde(rename = \"contentIndex\")] content_index: usize, partial: AgentMessage, }, ThinkingDelta { #[serde(rename = \"contentIndex\")] content_index: usize, delta: String, partial: AgentMessage, }, ThinkingEnd { #[serde(rename = \"contentIndex\")] content_index: usize, content: String, partial: AgentMessage, }, #[serde(rename = \"toolcall_start\")] ToolCallStart { #[serde(rename = \"contentIndex\")] content_index: usize, partial: AgentMessage, }, #[serde(rename = \"toolcall_delta\")] ToolCallDelta { #[serde(rename = \"contentIndex\")] content_index: usize, delta: String, partial: AgentMessage, }, #[serde(rename = \"toolcall_end\")] ToolCallEnd { #[serde(rename = \"contentIndex\")] content_index: usize, #[serde(rename = \"toolCall\")] tool_call: Content, partial: AgentMessage, }, Done { reason: StopReason, message: AgentMessage, }, Error { reason: StopReason, error: AgentMessage, }, }",
 "event::ToolResult": "#[derive(Debug, Clone, PartialEq, Serialize, Deserialize)] #[serde(rename_all = \"camelCase\")] pub struct ToolResult { pub content: Vec<Content>, pub details: Value, #[serde(skip_serializing_if = \"Option::is_none\")] pub usage: Option<crate::message::Usage>, #[serde(skip_serializing_if = \"Option::is_none\")] pub added_tool_names: Option<Vec<String>>, #[serde(skip_serializing_if = \"Option::is_none\")] pub terminate: Option<bool>, }",
 "harness::HarnessEntry": "#[derive(Debug, Clone, PartialEq, Serialize, Deserialize)] pub struct HarnessEntry { pub id: String, pub kind: HarnessKind, pub title: String, pub content: String, #[serde(default = \"default_path\")] pub path: String, #[serde(default = \"HarnessEntry::default_scope\")] pub scope: HarnessScope, #[serde(default)] pub reference: Map<String, Value>, #[serde(default)] pub arguments: Map<String, Value>, #[serde(default)] pub metadata: Map<String, Value>, #[serde(default = \"default_source\")] pub source: String, #[serde(default)] pub created_at: String, #[serde(default)] pub updated_at: String, #[serde(default = \"default_version\")] pub version: u64, #[serde(flatten)] pub extra: Map<String, Value>, }",
 "harness::HarnessKind": "#[derive(Debug, Clone, Copy, PartialEq, Eq, PartialOrd, Ord, Serialize, Deserialize)] #[serde(rename_all = \"lowercase\")] pub enum HarnessKind { Prompt, Memory, Subagent, }",
 "harness::HarnessScope": "#[derive(Debug, Clone, Copy, PartialEq, Eq, Serialize, Deserialize)] #[serde(rename_all = \"lowercase\")] pub enum HarnessScope { Local, Global, }",
 "message::AgentMessage": "#[derive(Debug, Clone, PartialEq, Serialize, Deserialize)] #[expect( clippy::large_enum_variant, reason = \"wire DTOs mirror the JSON; variants are parse-then-drop, boxing buys nothing\" )] #[serde(tag = \"role\", rename_all = \"camelCase\")] pub enum AgentMessage { #[serde(rename_all = \"camelCase\")] User { content: UserContent, timestamp: u64, }, #[serde(rename_all = \"camelCase\")] Assistant { content: Vec<Content>, api: String, provider: String, model: String, #[serde(skip_serializing_if = \"Option::is_none\")] response_model: Option<String>, #[serde(skip_serializing_if = \"Option::is_none\")] response_id: Option<String>, #[serde(skip_serializing_if = \"Option::is_none\")] diagnostics: Option<Vec<AssistantMessageDiagnostic>>, usage: Usage, stop_reason: StopReason, #[serde(skip_serializing_if = \"Option::is_none\")] deferred: Option<DeferredHandle>, #[serde(skip_serializing_if = \"Option::is_none\")] error_message: Option<String>, #[serde(skip_serializing_if = \"Option::is_none\")] raw_stop_reason: Option<String>, #[serde(skip_serializing_if = \"Option::is_none\")] end_turn: Option<bool>, timestamp: u64, }, #[serde(rename_all = \"camelCase\")] ToolResult { tool_call_id: String, tool_name: String, content: Vec<Content>, #[serde(skip_serializing_if = \"Option::is_none\")] details: Option<Value>, #[serde(skip_serializing_if = \"Option::is_none\")] usage: Option<Usage>, #[serde(skip_serializing_if = \"Option::is_none\")] added_tool_names: Option<Vec<String>>, is_error: bool, timestamp: u64, }, #[serde(rename_all = \"camelCase\")] BashExecution { command: String, output: String, #[serde(skip_serializing_if = \"Option::is_none\")] exit_code: Option<i64>, cancelled: bool, truncated: bool, #[serde(skip_serializing_if = \"Option::is_none\")] full_output_path: Option<String>, timestamp: u64, #[serde(skip_serializing_if = \"Option::is_none\")] exclude_from_context: Option<bool>, }, #[serde(rename_all = \"camelCase\")] Custom { custom_type: String, content: UserContent, display: bool, #[serde(skip_serializing_if = \"Option::is_none\")] details: Option<Value>, timestamp: u64, }, #[serde(rename_all = \"camelCase\")] BranchSummary { summary: String, from_id: String, timestamp: u64, }, #[serde(rename_all = \"camelCase\")] CompactionSummary { summary: String, tokens_before: u64, timestamp: u64, }, }",
 "message::AssistantMessageDiagnostic": "#[derive(Debug, Clone, PartialEq, Serialize, Deserialize)] pub struct AssistantMessageDiagnostic { #[serde(rename = \"type\")] pub diagnostic_type: String, pub timestamp: u64, #[serde(skip_serializing_if = \"Option::is_none\")] pub error: Option<DiagnosticErrorInfo>, #[serde(skip_serializing_if = \"Option::is_none\")] pub details: Option<Map<String, Value>>, }",
 "message::Content": "#[derive(Debug, Clone, PartialEq, Serialize, Deserialize)] #[serde(tag = \"type\", rename_all = \"camelCase\")] pub enum Content { #[serde(rename_all = \"camelCase\")] Text { text: String, #[serde(skip_serializing_if = \"Option::is_none\")] text_signature: Option<String>, }, #[serde(rename_all = \"camelCase\")] Thinking { thinking: String, #[serde(skip_serializing_if = \"Option::is_none\")] thinking_signature: Option<String>, #[serde(skip_serializing_if = \"Option::is_none\")] redacted: Option<bool>, }, #[serde(rename_all = \"camelCase\")] Image { data: String, mime_type: String }, #[serde(rename_all = \"camelCase\")] ToolCall { id: String, name: String, arguments: Map<String, Value>, #[serde(skip_serializing_if = \"Option::is_none\")] thought_signature: Option<String>, #[serde(skip_serializing_if = \"Option::is_none\")] namespace: Option<String>, }, }",
 "message::Cost": "#[derive(Debug, Clone, PartialEq, Serialize, Deserialize)] #[serde(rename_all = \"camelCase\")] pub struct Cost { pub input: Number, pub output: Number, pub cache_read: Number, pub cache_write: Number, pub total: Number, }",
 "message::DeferredHandle": "#[derive(Debug, Clone, PartialEq, Serialize, Deserialize)] #[serde(rename_all = \"camelCase\")] pub struct DeferredHandle { pub provider: String, pub model_id: String, pub api: String, pub id: String, #[serde(skip_serializing_if = \"Option::is_none\")] pub expires_at: Option<u64>, #[serde(skip_serializing_if = \"Option::is_none\")] pub poll_after_ms: Option<u64>, #[serde(skip_serializing_if = \"Option::is_none\")] pub data: Option<Value>, }",
 "message::DiagnosticErrorInfo": "#[derive(Debug, Clone, PartialEq, Serialize, Deserialize)] pub struct DiagnosticErrorInfo { #[serde(skip_serializing_if = \"Option::is_none\")] pub name: Option<String>, pub message: String, #[serde(skip_serializing_if = \"Option::is_none\")] pub stack: Option<String>, #[serde(skip_serializing_if = \"Option::is_none\")] pub code: Option<Value>, }",
 "message::StopReason": "#[derive(Debug, Clone, Copy, PartialEq, Eq, Serialize, Deserialize)] #[serde(rename_all = \"camelCase\")] pub enum StopReason { Pending, Stop, Length, ToolUse, Error, Aborted, Deferred, }",
 "message::Usage": "#[derive(Debug, Clone, PartialEq, Serialize, Deserialize)] #[serde(rename_all = \"camelCase\")] pub struct Usage { pub input: i64, pub output: i64, pub cache_read: i64, pub cache_write: i64, #[serde(skip_serializing_if = \"Option::is_none\")] pub cache_write1h: Option<i64>, #[serde(skip_serializing_if = \"Option::is_none\")] pub reasoning: Option<i64>, pub total_tokens: i64, pub cost: Cost, }",
 "message::UserContent": "#[derive(Debug, Clone, PartialEq, Serialize, Deserialize)] #[serde(untagged)] pub enum UserContent { Text(String), Blocks(Vec<Content>), }",
 "model::CostTier": "#[derive(Debug, Clone, PartialEq, Serialize, Deserialize)] #[serde(rename_all = \"camelCase\")] pub struct CostTier { pub input_tokens_above: u64, pub input: Number, pub output: Number, pub cache_read: Number, pub cache_write: Number, }",
 "model::LlmContext": "#[derive(Debug, Clone, PartialEq, Serialize, Deserialize)] #[serde(rename_all = \"camelCase\")] pub struct LlmContext { pub system_prompt: String, pub messages: Vec<crate::message::AgentMessage>, #[serde(skip_serializing_if = \"Option::is_none\")] pub tools: Option<Vec<ToolDef>>, }",
 "model::Model": "#[derive(Debug, Clone, PartialEq, Serialize, Deserialize)] #[serde(rename_all = \"camelCase\")] pub struct Model { pub id: String, pub name: String, pub api: String, pub provider: String, pub base_url: String, pub reasoning: bool, pub input: Vec<String>, pub cost: ModelCost, pub context_window: u64, pub max_tokens: u64, #[serde(skip_serializing_if = \"Option::is_none\")] pub compat: Option<Value>, #[serde(skip_serializing_if = \"Option::is_none\")] pub thinking_level_map: Option<Value>, #[serde(skip_serializing_if = \"Option::is_none\")] pub headers: Option<Value>, }",
 "model::ModelCost": "#[derive(Debug, Clone, PartialEq, Serialize, Deserialize)] #[serde(rename_all = \"camelCase\")] pub struct ModelCost { pub input: Number, pub output: Number, pub cache_read: Number, pub cache_write: Number, #[serde(skip_serializing_if = \"Option::is_none\")] pub tiers: Option<Vec<CostTier>>, }",
 "model::ToolDef": "#[derive(Debug, Clone, PartialEq, Serialize, Deserialize)] pub struct ToolDef { pub name: String, pub description: String, pub parameters: serde_json::Value, }",
 "permission::PermissionRequest": "#[derive(Debug, Clone, PartialEq, Serialize, Deserialize)] #[serde(rename_all = \"camelCase\")] pub struct PermissionRequest { pub title: String, pub description: String, pub subject: String, pub options: Vec<String>, }",
 "permission::PermissionResponse": "#[derive(Debug, Clone, PartialEq, Serialize, Deserialize)] #[serde(rename_all = \"snake_case\")] pub enum PermissionResponse { Selected { option: String }, Cancelled, }",
 "permission::RuleDecision": "#[derive(Debug, Clone, Copy, PartialEq, Eq, Serialize, Deserialize)] #[serde(rename_all = \"lowercase\")] pub enum RuleDecision { Allow, Deny, }",
 "permission::RuleKind": "#[derive(Debug, Clone, Copy, PartialEq, Eq, Serialize, Deserialize)] #[serde(rename_all = \"snake_case\")] pub enum RuleKind { Command, FileMutation, StructuredTool, }",
 "permission::SessionPermissionRule": "#[derive(Debug, Clone, PartialEq, Serialize, Deserialize)] #[serde(rename_all = \"camelCase\")] pub struct SessionPermissionRule { pub id: u64, pub kind: RuleKind, pub canonical: String, pub display_identity: String, pub decision: RuleDecision, pub generation: u64, }",
 "permission::SessionPermissionState": "#[derive(Debug, Clone, PartialEq, Serialize, Deserialize)] #[serde(rename_all = \"camelCase\")] pub struct SessionPermissionState { pub version: u8, pub next_generation: u64, pub rules: Vec<SessionPermissionRule>, }",
 "record::LaneRecord": "#[derive(Debug, Clone, PartialEq, Serialize, Deserialize)] #[serde(tag = \"type\", rename_all = \"snake_case\")] pub enum LaneRecord { #[serde(rename_all = \"camelCase\")] OperationStarted { id: String, lane: String, source_leaf_id: Option<String>, intent: OperationIntent, seq: u64, timestamp: u64, }, #[serde(rename_all = \"camelCase\")] AbortRequested { id: String, lane: String, run_id: String, seq: u64, timestamp: u64, }, #[serde(rename_all = \"camelCase\")] OperationFinished { id: String, lane: String, run_id: String, outcome: String, #[serde(skip_serializing_if = \"Option::is_none\")] error: Option<Value>, seq: u64, timestamp: u64, }, #[serde(rename_all = \"camelCase\")] StepAttempt { id: String, lane: String, run_id: String, step: String, attempt: u64, result_entry_id: String, #[serde(skip_serializing_if = \"Option::is_none\")] compaction_reason: Option<String>, seq: u64, timestamp: u64, }, #[serde(rename_all = \"camelCase\")] ToolStarted { id: String, lane: String, run_id: String, assistant_entry_id: String, tool_index: u64, tool_call_id: String, tool_name: String, effective_args: Map<String, Value>, result_entry_id: String, replay: String, seq: u64, timestamp: u64, }, #[serde(rename_all = \"camelCase\")] QueueEnqueued { id: String, lane: String, queue: String, #[serde(skip_serializing_if = \"Option::is_none\")] run_id: Option<String>, target: Value, seq: u64, timestamp: u64, }, #[serde(rename_all = \"camelCase\")] QueueCancelled { id: String, lane: String, #[serde(skip_serializing_if = \"Option::is_none\")] run_id: Option<String>, entry_id: String, seq: u64, timestamp: u64, }, #[serde(rename_all = \"camelCase\")] WriteDeferred { id: String, lane: String, run_id: String, target: Value, seq: u64, timestamp: u64, }, #[serde(rename_all = \"camelCase\")] Usage { id: String, lane: String, usage: Usage, cause: String, #[serde(skip_serializing_if = \"Option::is_none\")] run_id: Option<String>, #[serde(skip_serializing_if = \"Option::is_none\")] entry_id: Option<String>, #[serde(skip_serializing_if = \"Option::is_none\")] attempt: Option<u64>, #[serde(skip_serializing_if = \"Option::is_none\")] stop_reason: Option<StopReason>, #[serde(skip_serializing_if = \"Option::is_none\")] tool_call_id: Option<String>, #[serde(skip_serializing_if = \"Option::is_none\")] details: Option<Value>, seq: u64, timestamp: u64, }, }",
 "record::OperationIntent": "#[derive(Debug, Clone, PartialEq, Serialize, Deserialize)] #[serde(tag = \"kind\", rename_all = \"lowercase\")] pub enum OperationIntent { #[serde(rename_all = \"camelCase\")] Run { original_prompt: Vec<AgentMessage>, initial_messages: Vec<Value>, #[serde(skip_serializing_if = \"Option::is_none\")] system_prompt_override: Option<String>, #[serde(skip_serializing_if = \"Option::is_none\")] resume_data: Option<Map<String, Value>>, }, #[serde(rename_all = \"camelCase\")] Compaction { #[serde(skip_serializing_if = \"Option::is_none\")] custom_instructions: Option<String>, result_entry_id: String, }, #[serde(rename_all = \"camelCase\")] Navigation { target_id: Option<String>, summarize: bool, #[serde(skip_serializing_if = \"Option::is_none\")] custom_instructions: Option<String>, #[serde(skip_serializing_if = \"Option::is_none\")] label: Option<String>, #[serde(skip_serializing_if = \"Option::is_none\")] summary_entry_id: Option<String>, }, }",
 "wire::Fact": "#[derive(Debug, Clone, PartialEq, Serialize, Deserialize)] #[serde(tag = \"fact\", rename_all = \"lowercase\")] pub enum Fact { Name { #[serde(skip_serializing_if = \"Option::is_none\")] name: Option<String>, }, #[serde(rename_all = \"camelCase\")] Label { target_id: String, #[serde(skip_serializing_if = \"Option::is_none\")] label: Option<String>, }, }",
 "wire::HeaderKind": "#[derive(Debug, Clone, Copy, PartialEq, Eq, Serialize, Deserialize)] #[serde(rename_all = \"lowercase\")] pub enum HeaderKind { Header, }",
 "wire::JsonlV4Header": "#[derive(Debug, Clone, PartialEq, Serialize, Deserialize)] #[serde(rename_all = \"camelCase\")] pub struct JsonlV4Header { pub kind: HeaderKind, pub version: u64, pub id: String, pub created_at: u64, pub cwd: String, #[serde(skip_serializing_if = \"Option::is_none\")] pub parent_session_id: Option<String>, #[serde(skip_serializing_if = \"Option::is_none\")] pub legacy_parent_session_path: Option<String>, #[serde(skip_serializing_if = \"Option::is_none\")] pub metadata: Option<Map<String, Value>>, }",
 "wire::Mutation": "#[derive(Debug, Clone, PartialEq, Serialize, Deserialize)] #[expect( clippy::large_enum_variant, reason = \"wire DTOs mirror the JSON; variants are parse-then-drop, boxing buys nothing\" )] #[serde(tag = \"kind\", rename_all = \"lowercase\")] pub enum Mutation { Entry { #[serde(skip_serializing_if = \"Option::is_none\")] lane: Option<String>, #[serde(flatten)] entry: Entry, }, Record { #[serde(flatten)] record: LaneRecord, }, #[serde(rename_all = \"camelCase\")] Lane { seq: u64, lane: String, leaf_id: Option<String>, }, Fact { seq: u64, #[serde(flatten)] fact: Fact, }, }"
}
