{
 "acp::AcpConfigOption": "#[derive(Debug, Clone, PartialEq, Serialize, Deserialize)] #[serde(rename_all = \"camelCase\")] pub struct AcpConfigOption { pub config_id: String, pub name: String, pub kind: Value, }",
 "acp::AcpContentBlock": "#[derive(Debug, Clone, PartialEq, Serialize, Deserialize)] #[serde(tag = \"type\", rename_all = \"snake_case\")] pub enum AcpContentBlock { Text { text: String, }, #[serde(untagged)] Other(AcpOtherBlock), }",
 "acp::AcpErrorResponse": "#[derive(Debug, Clone, PartialEq, Serialize, Deserialize)] pub struct AcpErrorResponse { pub jsonrpc: String, pub id: Value, pub error: AcpErrorShape, }",
 "acp::AcpErrorShape": "#[derive(Debug, Clone, PartialEq, Serialize, Deserialize)] pub struct AcpErrorShape { pub code: i64, pub message: String, }",
 "acp::AcpExtensionUpdate": "#[derive(Debug, Clone, PartialEq, Serialize, Deserialize)] pub struct AcpExtensionUpdate { #[serde(rename = \"sessionUpdate\")] pub session_update: String, #[serde(flatten)] pub fields: BTreeMap<String, Value>, }",
 "acp::AcpFrame": "#[derive(Debug, Clone, PartialEq, Serialize, Deserialize)] pub struct AcpFrame { pub jsonrpc: String, #[serde(skip_serializing_if = \"Option::is_none\")] pub id: Option<Value>, pub method: String, #[serde(skip_serializing_if = \"Option::is_none\")] pub params: Option<Value>, }",
 "acp::AcpImplementation": "#[derive(Debug, Clone, PartialEq, Serialize, Deserialize)] pub struct AcpImplementation { pub name: String, pub version: String, }",
 "acp::AcpInitializeResult": "#[derive(Debug, Clone, PartialEq, Serialize, Deserialize)] #[serde(rename_all = \"camelCase\")] pub struct AcpInitializeResult { pub protocol_version: u16, pub info: AcpImplementation, pub capabilities: Value, pub auth_methods: Vec<Value>, }",
 "acp::AcpNotification": "#[derive(Debug, Clone, PartialEq, Serialize, Deserialize)] pub struct AcpNotification { pub jsonrpc: String, pub method: String, pub params: Value, }",
 "acp::AcpOtherBlock": "#[derive(Debug, Clone, PartialEq, Serialize, Deserialize)] pub struct AcpOtherBlock { #[serde(rename = \"type\")] pub block_type: String, #[serde(flatten)] pub fields: BTreeMap<String, Value>, }",
 "acp::AcpPermissionOption": "#[derive(Debug, Clone, PartialEq, Serialize, Deserialize)] #[serde(rename_all = \"camelCase\")] pub struct AcpPermissionOption { pub option_id: String, pub name: String, pub kind: AcpPermissionOptionKind, }",
 "acp::AcpPermissionOptionKind": "#[derive(Debug, Clone, PartialEq, Serialize, Deserialize)] #[serde(rename_all = \"snake_case\")] pub enum AcpPermissionOptionKind { AllowOnce, AllowAlways, RejectOnce, }",
 "acp::AcpPermissionOutcome": "#[derive(Debug, Clone, PartialEq, Serialize, Deserialize)] #[serde(tag = \"outcome\", rename_all = \"snake_case\")] pub enum AcpPermissionOutcome { Cancelled, #[serde(rename_all = \"camelCase\")] Selected { option_id: String, }, }",
 "acp::AcpPermissionParams": "#[derive(Debug, Clone, PartialEq, Serialize, Deserialize)] #[serde(rename_all = \"camelCase\")] pub struct AcpPermissionParams { pub session_id: String, pub title: String, #[serde(skip_serializing_if = \"Option::is_none\")] pub description: Option<String>, pub options: Vec<AcpPermissionOption>, #[serde(skip_serializing_if = \"Option::is_none\")] pub content: Option<Vec<AcpToolContent>>, }",
 "acp::AcpResponse": "#[derive(Debug, Clone, PartialEq, Serialize, Deserialize)] pub struct AcpResponse { pub jsonrpc: String, pub id: Value, pub result: Value, }",
 "acp::AcpSessionResult": "#[derive(Debug, Clone, PartialEq, Serialize, Deserialize)] #[serde(rename_all = \"camelCase\")] pub struct AcpSessionResult { pub session_id: String, pub config_options: Vec<AcpConfigOption>, }",
 "acp::AcpSessionUpdate": "#[derive(Debug, Clone, PartialEq, Serialize, Deserialize)] #[serde(tag = \"sessionUpdate\", rename_all = \"snake_case\")] pub enum AcpSessionUpdate { #[serde(rename_all = \"camelCase\")] AgentMessageChunk { message_id: String, content: AcpContentBlock, }, #[serde(rename_all = \"camelCase\")] AgentThoughtChunk { message_id: String, content: AcpContentBlock, }, #[serde(rename_all = \"camelCase\")] AgentMessage { message_id: String, content: Vec<AcpContentBlock>, }, #[serde(rename_all = \"camelCase\")] UserMessage { message_id: String, content: Vec<AcpContentBlock>, }, StateUpdate(AcpState), #[serde(rename_all = \"camelCase\")] ToolCallUpdate { tool_call_id: String, #[serde(skip_serializing_if = \"Option::is_none\")] title: Option<String>, #[serde(skip_serializing_if = \"Option::is_none\")] kind: Option<AcpToolKind>, #[serde(skip_serializing_if = \"Option::is_none\")] status: Option<AcpToolCallStatus>, #[serde(skip_serializing_if = \"Option::is_none\")] content: Option<Vec<AcpToolContent>>, #[serde(skip_serializing_if = \"Option::is_none\")] raw_input: Option<Value>, #[serde(skip_serializing_if = \"Option::is_none\")] raw_output: Option<Value>, }, #[serde(rename_all = \"camelCase\")] ToolCallContentChunk { tool_call_id: String, content: AcpToolContent, }, #[serde(rename_all = \"camelCase\")] TerminalUpdate { terminal_id: String, #[serde(skip_serializing_if = \"Option::is_none\")] command: Option<String>, #[serde(skip_serializing_if = \"Option::is_none\")] exit_status: Option<AcpTerminalExit>, }, #[serde(rename_all = \"camelCase\")] TerminalOutputChunk { terminal_id: String, data: String, }, #[serde(rename_all = \"camelCase\")] UsageUpdate { used: u64, size: u64, }, #[serde(untagged)] Extension(AcpExtensionUpdate), }",
 "acp::AcpState": "#[derive(Debug, Clone, PartialEq, Serialize, Deserialize)] #[serde(tag = \"state\", rename_all = \"snake_case\")] pub enum AcpState { Running, #[serde(rename_all = \"camelCase\")] Idle { #[serde(skip_serializing_if = \"Option::is_none\")] stop_reason: Option<AcpStopReason>, }, RequiresAction, }",
 "acp::AcpStopReason": "#[derive(Debug, Clone, PartialEq, Serialize, Deserialize)] #[serde(rename_all = \"snake_case\")] pub enum AcpStopReason { EndTurn, MaxTokens, Refusal, Cancelled, #[serde(untagged)] Other(String), }",
 "acp::AcpTerminalExit": "#[derive(Debug, Clone, PartialEq, Serialize, Deserialize)] #[serde(rename_all = \"camelCase\")] pub struct AcpTerminalExit { #[serde(skip_serializing_if = \"Option::is_none\")] pub exit_code: Option<i64>, }",
 "acp::AcpToolCallStatus": "#[derive(Debug, Clone, PartialEq, Serialize, Deserialize)] #[serde(rename_all = \"snake_case\")] pub enum AcpToolCallStatus { Pending, InProgress, Completed, Failed, }",
 "acp::AcpToolContent": "#[derive(Debug, Clone, PartialEq, Serialize, Deserialize)] #[serde(tag = \"type\", rename_all = \"snake_case\")] pub enum AcpToolContent { Content { content: AcpContentBlock, }, #[serde(rename_all = \"camelCase\")] Terminal { terminal_id: String, }, Diff { changes: Vec<String>, patch: String, }, }",
 "acp::AcpToolKind": "#[derive(Debug, Clone, PartialEq, Serialize, Deserialize)] #[serde(rename_all = \"snake_case\")] pub enum AcpToolKind { Read, Edit, Search, Execute, Fetch, Other, }",
 "acp::AcpUpdateParams": "#[derive(Debug, Clone, PartialEq, Serialize, Deserialize)] #[serde(rename_all = \"camelCase\")] pub struct AcpUpdateParams { pub session_id: String, pub update: AcpSessionUpdate, }",
 "advisor::Advice": "#[derive(Debug, Clone, PartialEq, Serialize, Deserialize)] #[serde(rename_all = \"camelCase\")] pub struct Advice { pub severity: AdvisorySeverity, pub kind: AdviceKind, #[serde(skip_serializing_if = \"Option::is_none\")] pub target: Option<String>, pub text: String, }",
 "advisor::AdviceKind": "#[derive(Debug, Clone, Copy, PartialEq, Eq, Serialize, Deserialize)] #[serde(rename_all = \"lowercase\")] pub enum AdviceKind { Correction, Risk, Scope, Stop, }",
 "advisor::AdvisoryOutcome": "#[derive(Debug, Clone, PartialEq, Serialize, Deserialize)] #[serde(rename_all = \"camelCase\")] pub struct AdvisoryOutcome { pub advice_id: String, #[serde(skip_serializing_if = \"Option::is_none\")] pub target_touched_within: Option<u64>, #[serde(skip_serializing_if = \"Option::is_none\")] pub hold_result: Option<String>, }",
 "advisor::AdvisorySeverity": "#[derive(Debug, Clone, Copy, PartialEq, Eq, Serialize, Deserialize)] #[serde(rename_all = \"lowercase\")] pub enum AdvisorySeverity { Note, Warn, Hold, }",
 "checkpoint::CheckpointAt": "#[derive(Debug, Clone, PartialEq, Eq, Serialize, Deserialize)] #[serde(rename_all = \"camelCase\")] pub enum CheckpointAt { TurnStart, TurnEnd, Undo, #[serde(untagged)] Other(String), }",
 "checkpoint::CheckpointData": "#[derive(Debug, Clone, PartialEq, Eq, Serialize, Deserialize)] #[serde(rename_all = \"camelCase\")] pub struct CheckpointData { pub tree: String, pub at: CheckpointAt, }",
 "compaction::CompactionDetails": "#[derive(Debug, Clone, PartialEq, Default, Serialize, Deserialize)] #[serde(rename_all = \"camelCase\")] pub struct CompactionDetails { #[serde(default, skip_serializing_if = \"Vec::is_empty\")] pub read_files: Vec<String>, #[serde(default, skip_serializing_if = \"Vec::is_empty\")] pub modified_files: Vec<String>, #[serde(skip_serializing_if = \"Option::is_none\")] pub window: Option<CompactionWindow>, #[serde(flatten)] pub extra: Map<String, Value>, }",
 "compaction::CompactionWindow": "#[derive(Debug, Clone, PartialEq, Serialize, Deserialize)] #[serde(rename_all = \"camelCase\")] pub struct CompactionWindow { pub first: String, #[serde(skip_serializing_if = \"Option::is_none\")] pub previous: Option<String>, pub id: String, pub number: u64, }",
 "config::BashConfig": "#[derive(Debug, Clone, Default, PartialEq, Eq, Deserialize)] #[serde(rename_all = \"camelCase\", deny_unknown_fields)] pub struct BashConfig { pub auto_background_ms: Option<u64>, }",
 "config::McpConfig": "#[derive(Debug, Clone, Default, PartialEq, Eq, Deserialize)] #[serde(rename_all = \"camelCase\", deny_unknown_fields)] pub struct McpConfig { pub enabled: Option<bool>, pub token_store: Option<String>, }",
 "config::ModelRoles": "#[derive(Debug, Clone, Default, PartialEq, Eq, Serialize, Deserialize)] #[serde(rename_all = \"camelCase\", deny_unknown_fields)] pub struct ModelRoles { #[serde(skip_serializing_if = \"Option::is_none\")] pub primary: Option<String>, #[serde(skip_serializing_if = \"Option::is_none\")] pub summarizer: Option<String>, #[serde(skip_serializing_if = \"Option::is_none\")] pub advisor: Option<String>, }",
 "config::PlanConfig": "#[derive(Debug, Clone, Default, PartialEq, Eq, Deserialize)] #[serde(rename_all = \"camelCase\", deny_unknown_fields)] pub struct PlanConfig { pub stale_reminder_turns: Option<u64>, }",
 "config::UserConfig": "#[derive(Debug, Clone, Default, PartialEq, Eq, Deserialize)] #[serde(rename_all = \"camelCase\", deny_unknown_fields)] pub struct UserConfig { pub model: Option<String>, pub thinking: Option<crate::model::Effort>, pub models: Option<ModelRoles>, pub bash: Option<BashConfig>, pub plan: Option<PlanConfig>, pub mcp: Option<McpConfig>, pub keys: Option<std::collections::BTreeMap<String, String>>, }",
 "entry::Entry": "#[derive(Debug, Clone, PartialEq, Serialize, Deserialize)] #[expect( clippy::large_enum_variant, reason = \"wire DTOs mirror the JSON; variants are parse-then-drop, boxing buys nothing\" )] #[serde(tag = \"type\", rename_all = \"snake_case\")] pub enum Entry { #[serde(rename_all = \"camelCase\")] Message { id: String, message: AgentMessage, #[serde(skip_serializing_if = \"Option::is_none\")] terminate: Option<bool>, parent_id: Option<String>, seq: u64, timestamp: u64, }, #[serde(rename_all = \"camelCase\")] ModelChange { id: String, provider: String, model_id: String, parent_id: Option<String>, seq: u64, timestamp: u64, }, #[serde(rename_all = \"camelCase\")] ThinkingLevelChange { id: String, thinking_level: String, parent_id: Option<String>, seq: u64, timestamp: u64, }, #[serde(rename_all = \"camelCase\")] ActiveToolsChange { id: String, active_tool_names: Vec<String>, parent_id: Option<String>, seq: u64, timestamp: u64, }, #[serde(rename_all = \"camelCase\")] Compaction { id: String, summary: String, retained_tail: Vec<AgentMessage>, tokens_before: u64, #[serde(skip_serializing_if = \"Option::is_none\")] details: Option<Value>, #[serde(skip_serializing_if = \"Option::is_none\")] usage: Option<Usage>, parent_id: Option<String>, seq: u64, timestamp: u64, }, #[serde(rename_all = \"camelCase\")] BranchSummary { id: String, from_id: String, summary: String, #[serde(skip_serializing_if = \"Option::is_none\")] details: Option<Value>, #[serde(skip_serializing_if = \"Option::is_none\")] usage: Option<Usage>, parent_id: Option<String>, seq: u64, timestamp: u64, }, #[serde(rename_all = \"camelCase\")] Custom { id: String, custom_type: String, #[serde(skip_serializing_if = \"Option::is_none\")] data: Option<Value>, parent_id: Option<String>, seq: u64, timestamp: u64, }, }",
 "event::AgentEvent": "#[expect( clippy::large_enum_variant, reason = \"wire DTOs mirror the JSON; variants are parse-then-drop, boxing buys nothing\" )] #[derive(Debug, Clone, PartialEq, Serialize, Deserialize)] #[serde(tag = \"type\", rename_all = \"snake_case\")] pub enum AgentEvent { AgentStart, AgentEnd { messages: Vec<AgentMessage>, }, TurnStart, TurnEnd { message: AgentMessage, #[serde(rename = \"toolResults\")] tool_results: Vec<AgentMessage>, }, MessageStart { message: AgentMessage, }, MessageUpdate { message: AgentMessage, #[serde(rename = \"assistantMessageEvent\")] assistant_message_event: AssistantMessageEvent, }, MessageEnd { message: AgentMessage, }, ToolExecutionStart { #[serde(rename = \"toolCallId\")] tool_call_id: String, #[serde(rename = \"toolName\")] tool_name: String, args: Value, }, ToolExecutionUpdate { #[serde(rename = \"toolCallId\")] tool_call_id: String, #[serde(rename = \"toolName\")] tool_name: String, args: Value, #[serde(rename = \"partialResult\")] partial_result: ToolResult, }, ToolExecutionEnd { #[serde(rename = \"toolCallId\")] tool_call_id: String, #[serde(rename = \"toolName\")] tool_name: String, result: ToolResult, #[serde(rename = \"isError\")] is_error: bool, }, PermissionRequested { #[serde(rename = \"toolCallId\")] tool_call_id: String, title: String, description: String, }, PermissionResolved { #[serde(rename = \"toolCallId\")] tool_call_id: String, allowed: bool, }, ChildUpdate { update: crate::subagent::ChildUpdate, }, }",
 "event::AssistantMessageEvent": "#[derive(Debug, Clone, PartialEq, Serialize, Deserialize)] #[serde(tag = \"type\", rename_all = \"snake_case\")] pub enum AssistantMessageEvent { Start { partial: AgentMessage, }, TextStart { #[serde(rename = \"contentIndex\")] content_index: usize, partial: AgentMessage, }, TextDelta { #[serde(rename = \"contentIndex\")] content_index: usize, delta: String, partial: AgentMessage, }, TextEnd { #[serde(rename = \"contentIndex\")] content_index: usize, content: String, partial: AgentMessage, }, ThinkingStart { #[serde(rename = \"contentIndex\")] content_index: usize, partial: AgentMessage, }, ThinkingDelta { #[serde(rename = \"contentIndex\")] content_index: usize, delta: String, partial: AgentMessage, }, ThinkingEnd { #[serde(rename = \"contentIndex\")] content_index: usize, content: String, partial: AgentMessage, }, #[serde(rename = \"toolcall_start\")] ToolCallStart { #[serde(rename = \"contentIndex\")] content_index: usize, partial: AgentMessage, }, #[serde(rename = \"toolcall_delta\")] ToolCallDelta { #[serde(rename = \"contentIndex\")] content_index: usize, delta: String, partial: AgentMessage, }, #[serde(rename = \"toolcall_end\")] ToolCallEnd { #[serde(rename = \"contentIndex\")] content_index: usize, #[serde(rename = \"toolCall\")] tool_call: Content, partial: AgentMessage, }, Done { reason: StopReason, message: AgentMessage, }, Error { reason: StopReason, error: AgentMessage, }, }",
 "event::ToolResult": "#[derive(Debug, Clone, PartialEq, Serialize, Deserialize)] #[serde(rename_all = \"camelCase\")] pub struct ToolResult { pub content: Vec<Content>, pub details: Value, #[serde(skip_serializing_if = \"Option::is_none\")] pub usage: Option<crate::message::Usage>, #[serde(skip_serializing_if = \"Option::is_none\")] pub added_tool_names: Option<Vec<String>>, #[serde(skip_serializing_if = \"Option::is_none\")] pub terminate: Option<bool>, }",
 "goal::Goal": "#[derive(Debug, Clone, PartialEq, Serialize, Deserialize)] #[serde(rename_all = \"camelCase\")] pub struct Goal { pub objective: String, pub status: GoalStatus, #[serde(skip_serializing_if = \"Option::is_none\")] pub token_budget: Option<u64>, pub tokens_used: u64, pub time_used_seconds: u64, pub created: u64, pub updated: u64, #[serde(skip_serializing_if = \"Option::is_none\")] pub check: Option<String>, #[serde(skip_serializing_if = \"Option::is_none\")] pub check_timeout_ms: Option<u64>, #[serde(skip_serializing_if = \"Option::is_none\")] pub check_failure: Option<String>, #[serde(default, skip_serializing_if = \"Vec::is_empty\")] pub discoveries: Vec<crate::subagent::Discovery>, #[serde(flatten)] pub extra: Map<String, Value>, }",
 "goal::GoalStatus": "#[derive(Debug, Clone, PartialEq, Eq, Serialize, Deserialize)] #[serde(rename_all = \"snake_case\")] pub enum GoalStatus { Active, Paused, Blocked, UsageLimited, BudgetLimited, Complete, #[serde(untagged)] Other(String), }",
 "harness::HarnessEntry": "#[derive(Debug, Clone, PartialEq, Serialize, Deserialize)] pub struct HarnessEntry { pub id: String, pub kind: HarnessKind, pub title: String, pub content: String, #[serde(default = \"default_path\")] pub path: String, #[serde(default = \"HarnessEntry::default_scope\")] pub scope: HarnessScope, #[serde(default)] pub reference: Map<String, Value>, #[serde(default)] pub arguments: Map<String, Value>, #[serde(default)] pub metadata: Map<String, Value>, #[serde(default = \"default_source\")] pub source: String, #[serde(default)] pub created_at: String, #[serde(default)] pub updated_at: String, #[serde(default = \"default_version\")] pub version: u64, #[serde(flatten)] pub extra: Map<String, Value>, }",
 "harness::HarnessKind": "#[derive(Debug, Clone, Copy, PartialEq, Eq, PartialOrd, Ord, Serialize, Deserialize)] #[serde(rename_all = \"lowercase\")] pub enum HarnessKind { Prompt, Memory, Subagent, }",
 "harness::HarnessScope": "#[derive(Debug, Clone, Copy, PartialEq, Eq, Serialize, Deserialize)] #[serde(rename_all = \"lowercase\")] pub enum HarnessScope { Local, Global, }",
 "kernel::BootstrapVersion": "#[derive(Debug, Clone, PartialEq, Serialize, Deserialize)] #[serde(rename_all = \"camelCase\")] pub struct BootstrapVersion { pub schema: u64, pub ipykernel: String, pub runtime: String, #[serde(default, skip_serializing_if = \"Vec::is_empty\")] pub extra_args: Vec<String>, #[serde(default, skip_serializing_if = \"Vec::is_empty\")] pub skills: Vec<String>, #[serde(default, skip_serializing_if = \"Option::is_none\")] pub snapshot: Option<String>, #[serde(flatten)] pub extra: Map<String, Value>, }",
 "kernel::ConnectionInfo": "#[derive(Debug, Clone, PartialEq, Serialize, Deserialize)] pub struct ConnectionInfo { pub ip: String, pub transport: String, pub shell_port: u32, pub iopub_port: u32, pub stdin_port: u32, pub control_port: u32, pub hb_port: u32, pub signature_scheme: String, pub key: String, #[serde(default = \"default_kernel_name\")] pub kernel_name: String, }",
 "kernel::ExecuteResult": "#[derive(Debug, Clone, PartialEq, Serialize, Deserialize)] #[serde(rename_all = \"camelCase\")] pub struct ExecuteResult { pub stdout: String, pub stderr: String, #[serde(skip_serializing_if = \"Option::is_none\")] pub result: Option<String>, #[serde(default, skip_serializing_if = \"Vec::is_empty\")] pub diffs: Vec<KernelDiffDisplay>, #[serde(default, skip_serializing_if = \"Vec::is_empty\")] pub attachments: Vec<KernelAttachment>, #[serde(default, skip_serializing_if = \"Vec::is_empty\")] pub sent_agent_messages: Vec<KernelSentAgentMessage>, pub status: ExecuteStatus, #[serde(skip_serializing_if = \"Option::is_none\")] pub error: Option<KernelError>, pub duration_ms: u64, }",
 "kernel::ExecuteStatus": "#[derive(Debug, Clone, Copy, PartialEq, Eq, Serialize, Deserialize)] #[serde(rename_all = \"lowercase\")] pub enum ExecuteStatus { Ok, Error, Aborted, }",
 "kernel::JupyterHeader": "#[derive(Debug, Clone, PartialEq, Serialize, Deserialize)] pub struct JupyterHeader { pub msg_id: String, pub session: String, pub username: String, pub date: String, pub msg_type: String, pub version: String, }",
 "kernel::JupyterMessage": "#[derive(Debug, Clone, PartialEq, Serialize, Deserialize)] pub struct JupyterMessage { pub header: JupyterHeader, #[serde(default)] pub parent_header: Map<String, Value>, #[serde(default)] pub metadata: Map<String, Value>, #[serde(default)] pub content: Map<String, Value>, }",
 "kernel::KernelAgentMessageTarget": "#[derive(Debug, Clone, PartialEq, Serialize, Deserialize)] #[serde(rename_all = \"camelCase\")] pub struct KernelAgentMessageTarget { pub active_session_id: String, pub session_id: String, #[serde(skip_serializing_if = \"Option::is_none\")] pub session_name: Option<String>, }",
 "kernel::KernelAttachment": "#[derive(Debug, Clone, PartialEq, Serialize, Deserialize)] pub struct KernelAttachment { pub mime_type: String, pub data: String, #[serde(skip_serializing_if = \"Option::is_none\")] pub path: Option<String>, }",
 "kernel::KernelDiffDisplay": "#[derive(Debug, Clone, PartialEq, Serialize, Deserialize)] pub struct KernelDiffDisplay { pub path: String, pub old_str: String, pub new_str: String, #[serde(skip_serializing_if = \"Option::is_none\")] pub start_line: Option<u64>, }",
 "kernel::KernelError": "#[derive(Debug, Clone, PartialEq, Serialize, Deserialize)] pub struct KernelError { pub ename: String, pub evalue: String, pub traceback: Vec<String>, }",
 "kernel::KernelRestoreResult": "#[derive(Debug, Clone, Default, PartialEq, Serialize, Deserialize)] pub struct KernelRestoreResult { #[serde(default)] pub restored: Vec<String>, #[serde(default)] pub failed: Vec<KernelSnapshotSkip>, #[serde(default)] pub path: String, }",
 "kernel::KernelSentAgentMessage": "#[derive(Debug, Clone, PartialEq, Serialize, Deserialize)] #[serde(rename_all = \"camelCase\")] pub struct KernelSentAgentMessage { pub id: String, pub message: String, pub delivery_status: String, #[serde(skip_serializing_if = \"Option::is_none\")] pub receiver_role: Option<String>, pub target: KernelAgentMessageTarget, #[serde(flatten)] pub extra: Map<String, Value>, }",
 "kernel::KernelSnapshotResult": "#[derive(Debug, Clone, PartialEq, Serialize, Deserialize)] pub struct KernelSnapshotResult { #[serde(default)] pub saved: Vec<String>, #[serde(default)] pub skipped: Vec<KernelSnapshotSkip>, #[serde(default)] pub pruned: Vec<String>, #[serde(default)] pub bytes: u64, #[serde(default)] pub path: String, }",
 "kernel::KernelSnapshotSkip": "#[derive(Debug, Clone, PartialEq, Serialize, Deserialize)] pub struct KernelSnapshotSkip { pub name: String, #[serde(default)] pub reason: String, }",
 "mcp::McpOauthProfile": "#[derive(Debug, Clone, PartialEq, Serialize, Deserialize)] #[serde(rename_all = \"camelCase\")] pub struct McpOauthProfile { pub name: String, pub server_url: String, pub issuer: String, pub client_id: String, pub authorization_endpoint: String, pub token_endpoint: String, #[serde(default)] pub iss_required: bool, #[serde(default, skip_serializing_if = \"Vec::is_empty\")] pub scopes: Vec<String>, pub created_at: u64, pub updated_at: u64, #[serde(flatten)] pub extra: Map<String, Value>, }",
 "mcp::McpProfilesFile": "#[derive(Debug, Clone, Default, PartialEq, Serialize, Deserialize)] pub struct McpProfilesFile { #[serde(default)] pub profiles: Map<String, Value>, #[serde(flatten)] pub extra: Map<String, Value>, }",
 "mcp::McpServerSpec": "#[derive(Debug, Clone, PartialEq, Serialize, Deserialize)] #[serde(untagged)] pub enum McpServerSpec { #[serde(rename_all = \"camelCase\")] Stdio { command: String, #[serde(default, skip_serializing_if = \"Vec::is_empty\")] args: Vec<String>, #[serde(default, skip_serializing_if = \"Map::is_empty\")] env: Map<String, Value>, }, #[serde(rename_all = \"camelCase\")] Http { url: String }, }",
 "mcp::McpSessionRecord": "#[derive(Debug, Clone, PartialEq, Serialize, Deserialize)] #[serde(rename_all = \"camelCase\")] pub struct McpSessionRecord { pub name: String, pub spec: McpServerSpec, pub state: McpSessionState, #[serde(skip_serializing_if = \"Option::is_none\")] pub protocol_version: Option<String>, #[serde(skip_serializing_if = \"Option::is_none\")] pub server_name: Option<String>, #[serde(skip_serializing_if = \"Option::is_none\")] pub instructions: Option<String>, pub created_at: u64, pub updated_at: u64, #[serde(flatten)] pub extra: Map<String, Value>, }",
 "mcp::McpSessionState": "#[derive(Debug, Clone, Copy, PartialEq, Eq, Serialize, Deserialize)] #[serde(rename_all = \"lowercase\")] pub enum McpSessionState { Live, Connecting, Disconnected, Unauthorized, Expired, }",
 "mcp::McpSessionsFile": "#[derive(Debug, Clone, Default, PartialEq, Serialize, Deserialize)] pub struct McpSessionsFile { #[serde(default)] pub sessions: Map<String, Value>, #[serde(flatten)] pub extra: Map<String, Value>, }",
 "mcp::McpTokenSet": "#[derive(Debug, Clone, PartialEq, Serialize, Deserialize)] #[serde(rename_all = \"camelCase\")] pub struct McpTokenSet { pub access_token: String, #[serde(skip_serializing_if = \"Option::is_none\")] pub refresh_token: Option<String>, #[serde(default)] pub expires_at_ms: u64, #[serde(default, skip_serializing_if = \"Option::is_none\")] pub scope: Option<String>, #[serde(flatten)] pub extra: Map<String, Value>, }",
 "message::AgentMessage": "#[derive(Debug, Clone, PartialEq, Serialize, Deserialize)] #[expect( clippy::large_enum_variant, reason = \"wire DTOs mirror the JSON; variants are parse-then-drop, boxing buys nothing\" )] #[serde(tag = \"role\", rename_all = \"camelCase\")] pub enum AgentMessage { #[serde(rename_all = \"camelCase\")] User { content: UserContent, timestamp: u64, }, #[serde(rename_all = \"camelCase\")] Assistant { content: Vec<Content>, api: String, provider: String, model: String, #[serde(skip_serializing_if = \"Option::is_none\")] response_model: Option<String>, #[serde(skip_serializing_if = \"Option::is_none\")] response_id: Option<String>, #[serde(skip_serializing_if = \"Option::is_none\")] diagnostics: Option<Vec<AssistantMessageDiagnostic>>, usage: Usage, stop_reason: StopReason, #[serde(skip_serializing_if = \"Option::is_none\")] deferred: Option<DeferredHandle>, #[serde(skip_serializing_if = \"Option::is_none\")] error_message: Option<String>, #[serde(skip_serializing_if = \"Option::is_none\")] raw_stop_reason: Option<String>, #[serde(skip_serializing_if = \"Option::is_none\")] end_turn: Option<bool>, timestamp: u64, }, #[serde(rename_all = \"camelCase\")] ToolResult { tool_call_id: String, tool_name: String, content: Vec<Content>, #[serde(skip_serializing_if = \"Option::is_none\")] details: Option<Value>, #[serde(skip_serializing_if = \"Option::is_none\")] usage: Option<Usage>, #[serde(skip_serializing_if = \"Option::is_none\")] added_tool_names: Option<Vec<String>>, is_error: bool, timestamp: u64, }, #[serde(rename_all = \"camelCase\")] BashExecution { command: String, output: String, #[serde(skip_serializing_if = \"Option::is_none\")] exit_code: Option<i64>, cancelled: bool, truncated: bool, #[serde(skip_serializing_if = \"Option::is_none\")] full_output_path: Option<String>, timestamp: u64, #[serde(skip_serializing_if = \"Option::is_none\")] exclude_from_context: Option<bool>, }, #[serde(rename_all = \"camelCase\")] Custom { custom_type: String, content: UserContent, display: bool, #[serde(skip_serializing_if = \"Option::is_none\")] details: Option<Value>, timestamp: u64, }, #[serde(rename_all = \"camelCase\")] BranchSummary { summary: String, from_id: String, timestamp: u64, }, #[serde(rename_all = \"camelCase\")] CompactionSummary { summary: String, tokens_before: u64, timestamp: u64, }, }",
 "message::AssistantMessageDiagnostic": "#[derive(Debug, Clone, PartialEq, Serialize, Deserialize)] pub struct AssistantMessageDiagnostic { #[serde(rename = \"type\")] pub diagnostic_type: String, pub timestamp: u64, #[serde(skip_serializing_if = \"Option::is_none\")] pub error: Option<DiagnosticErrorInfo>, #[serde(skip_serializing_if = \"Option::is_none\")] pub details: Option<Map<String, Value>>, }",
 "message::Content": "#[derive(Debug, Clone, PartialEq, Serialize, Deserialize)] #[serde(tag = \"type\", rename_all = \"camelCase\")] pub enum Content { #[serde(rename_all = \"camelCase\")] Text { text: String, #[serde(skip_serializing_if = \"Option::is_none\")] text_signature: Option<String>, }, #[serde(rename_all = \"camelCase\")] Thinking { thinking: String, #[serde(skip_serializing_if = \"Option::is_none\")] thinking_signature: Option<String>, #[serde(skip_serializing_if = \"Option::is_none\")] redacted: Option<bool>, }, #[serde(rename_all = \"camelCase\")] Image { data: String, mime_type: String }, #[serde(rename_all = \"camelCase\")] ToolCall { id: String, name: String, arguments: Map<String, Value>, #[serde(skip_serializing_if = \"Option::is_none\")] thought_signature: Option<String>, #[serde(skip_serializing_if = \"Option::is_none\")] namespace: Option<String>, }, }",
 "message::Cost": "#[derive(Debug, Clone, PartialEq, Serialize, Deserialize)] #[serde(rename_all = \"camelCase\")] pub struct Cost { pub input: Number, pub output: Number, pub cache_read: Number, pub cache_write: Number, pub total: Number, }",
 "message::DeferredHandle": "#[derive(Debug, Clone, PartialEq, Serialize, Deserialize)] #[serde(rename_all = \"camelCase\")] pub struct DeferredHandle { pub provider: String, pub model_id: String, pub api: String, pub id: String, #[serde(skip_serializing_if = \"Option::is_none\")] pub expires_at: Option<u64>, #[serde(skip_serializing_if = \"Option::is_none\")] pub poll_after_ms: Option<u64>, #[serde(skip_serializing_if = \"Option::is_none\")] pub data: Option<Value>, }",
 "message::DiagnosticErrorInfo": "#[derive(Debug, Clone, PartialEq, Serialize, Deserialize)] pub struct DiagnosticErrorInfo { #[serde(skip_serializing_if = \"Option::is_none\")] pub name: Option<String>, pub message: String, #[serde(skip_serializing_if = \"Option::is_none\")] pub stack: Option<String>, #[serde(skip_serializing_if = \"Option::is_none\")] pub code: Option<Value>, }",
 "message::StopReason": "#[derive(Debug, Clone, Copy, PartialEq, Eq, Serialize, Deserialize)] #[serde(rename_all = \"camelCase\")] pub enum StopReason { Pending, Stop, Length, ToolUse, Error, Aborted, Deferred, }",
 "message::Usage": "#[derive(Debug, Clone, PartialEq, Serialize, Deserialize)] #[serde(rename_all = \"camelCase\")] pub struct Usage { pub input: i64, pub output: i64, pub cache_read: i64, pub cache_write: i64, #[serde(skip_serializing_if = \"Option::is_none\")] pub cache_write1h: Option<i64>, #[serde(skip_serializing_if = \"Option::is_none\")] pub reasoning: Option<i64>, pub total_tokens: i64, pub cost: Cost, }",
 "message::UserContent": "#[derive(Debug, Clone, PartialEq, Serialize, Deserialize)] #[serde(untagged)] pub enum UserContent { Text(String), Blocks(Vec<Content>), }",
 "model::CostTier": "#[derive(Debug, Clone, PartialEq, Serialize, Deserialize)] #[serde(rename_all = \"camelCase\")] pub struct CostTier { pub input_tokens_above: u64, pub input: Number, pub output: Number, pub cache_read: Number, pub cache_write: Number, }",
 "model::Effort": "#[derive(Debug, Clone, Copy, Default, PartialEq, Eq, PartialOrd, Ord, Serialize, Deserialize)] #[serde(rename_all = \"lowercase\")] pub enum Effort { Off, Minimal, Low, #[default] Medium, High, XHigh, Max, }",
 "model::LlmContext": "#[derive(Debug, Clone, PartialEq, Serialize, Deserialize)] #[serde(rename_all = \"camelCase\")] pub struct LlmContext { pub system_prompt: String, pub messages: Vec<crate::message::AgentMessage>, #[serde(skip_serializing_if = \"Option::is_none\")] pub tools: Option<Vec<ToolDef>>, }",
 "model::Model": "#[derive(Debug, Clone, PartialEq, Serialize, Deserialize)] #[serde(rename_all = \"camelCase\")] pub struct Model { pub id: String, pub name: String, pub api: String, pub provider: String, pub base_url: String, pub reasoning: bool, pub input: Vec<String>, pub cost: ModelCost, pub context_window: u64, pub max_tokens: u64, #[serde(skip_serializing_if = \"Option::is_none\")] pub compat: Option<Value>, #[serde(skip_serializing_if = \"Option::is_none\")] pub thinking_level_map: Option<Value>, #[serde(skip_serializing_if = \"Option::is_none\")] pub headers: Option<Value>, }",
 "model::ModelCost": "#[derive(Debug, Clone, PartialEq, Serialize, Deserialize)] #[serde(rename_all = \"camelCase\")] pub struct ModelCost { pub input: Number, pub output: Number, pub cache_read: Number, pub cache_write: Number, #[serde(skip_serializing_if = \"Option::is_none\")] pub tiers: Option<Vec<CostTier>>, }",
 "model::ToolDef": "#[derive(Debug, Clone, PartialEq, Serialize, Deserialize)] pub struct ToolDef { pub name: String, pub description: String, pub parameters: serde_json::Value, }",
 "model::UnknownEffort": "#[derive(Debug, Clone, PartialEq, Eq)] pub struct UnknownEffort(pub String);",
 "permission::PermissionRequest": "#[derive(Debug, Clone, PartialEq, Serialize, Deserialize)] #[serde(rename_all = \"camelCase\")] pub struct PermissionRequest { pub title: String, pub description: String, pub subject: String, pub options: Vec<String>, }",
 "permission::PermissionResponse": "#[derive(Debug, Clone, PartialEq, Serialize, Deserialize)] #[serde(rename_all = \"snake_case\")] pub enum PermissionResponse { Selected { option: String }, Cancelled, }",
 "permission::RuleDecision": "#[derive(Debug, Clone, Copy, PartialEq, Eq, Serialize, Deserialize)] #[serde(rename_all = \"lowercase\")] pub enum RuleDecision { Allow, Deny, }",
 "permission::RuleKind": "#[derive(Debug, Clone, Copy, PartialEq, Eq, Serialize, Deserialize)] #[serde(rename_all = \"snake_case\")] pub enum RuleKind { Command, FileMutation, StructuredTool, }",
 "permission::SessionPermissionRule": "#[derive(Debug, Clone, PartialEq, Serialize, Deserialize)] #[serde(rename_all = \"camelCase\")] pub struct SessionPermissionRule { pub id: u64, pub kind: RuleKind, pub canonical: String, pub display_identity: String, pub decision: RuleDecision, pub generation: u64, }",
 "permission::SessionPermissionState": "#[derive(Debug, Clone, PartialEq, Serialize, Deserialize)] #[serde(rename_all = \"camelCase\")] pub struct SessionPermissionState { pub version: u8, pub next_generation: u64, pub rules: Vec<SessionPermissionRule>, }",
 "plan::Plan": "#[derive(Debug, Clone, PartialEq, Serialize, Deserialize)] #[serde(rename_all = \"camelCase\")] pub struct Plan { pub version: PlanVersion, pub tasks: Vec<Task>, pub created: u64, pub updated: u64, #[serde(flatten)] pub extra: Map<String, Value>, }",
 "plan::PlanVersion": "#[derive(Debug, Clone, Copy, PartialEq, Eq, PartialOrd, Ord, Default, Serialize, Deserialize)] pub struct PlanVersion(pub u64);",
 "plan::SubtaskSpec": "#[derive(Debug, Clone, PartialEq, Serialize, Deserialize)] #[serde(rename_all = \"camelCase\")] pub struct SubtaskSpec { pub title: String, pub acceptance: String, #[serde(skip_serializing_if = \"Option::is_none\")] pub check: Option<String>, #[serde(default, skip_serializing_if = \"Vec::is_empty\")] pub reads: Vec<String>, #[serde(default, skip_serializing_if = \"Vec::is_empty\")] pub writes: Vec<String>, #[serde(flatten)] pub extra: Map<String, Value>, }",
 "plan::Task": "#[derive(Debug, Clone, PartialEq, Serialize, Deserialize)] #[serde(rename_all = \"camelCase\")] pub struct Task { pub id: TaskId, pub title: String, pub acceptance: String, #[serde(skip_serializing_if = \"Option::is_none\")] pub schema: Option<Value>, #[serde(skip_serializing_if = \"Option::is_none\")] pub check: Option<String>, #[serde(default, skip_serializing_if = \"Vec::is_empty\")] pub deps: Vec<TaskId>, pub state: TaskState, #[serde(skip_serializing_if = \"Option::is_none\")] pub blocked_reason: Option<String>, #[serde(skip_serializing_if = \"Option::is_none\")] pub assignee: Option<String>, #[serde(flatten)] pub extra: Map<String, Value>, }",
 "plan::TaskId": "#[derive(Debug, Clone, PartialEq, Eq, Hash, PartialOrd, Ord, Serialize, Deserialize)] pub struct TaskId(pub String);",
 "plan::TaskState": "#[derive(Debug, Clone, PartialEq, Eq, Serialize, Deserialize)] #[serde(rename_all = \"snake_case\")] pub enum TaskState { Pending, Running, Done, Blocked, #[serde(untagged)] Other(String), }",
 "record::LaneRecord": "#[derive(Debug, Clone, PartialEq, Serialize, Deserialize)] #[serde(tag = \"type\", rename_all = \"snake_case\")] pub enum LaneRecord { #[serde(rename_all = \"camelCase\")] OperationStarted { id: String, lane: String, source_leaf_id: Option<String>, intent: OperationIntent, seq: u64, timestamp: u64, }, #[serde(rename_all = \"camelCase\")] AbortRequested { id: String, lane: String, run_id: String, seq: u64, timestamp: u64, }, #[serde(rename_all = \"camelCase\")] OperationFinished { id: String, lane: String, run_id: String, outcome: String, #[serde(skip_serializing_if = \"Option::is_none\")] error: Option<Value>, seq: u64, timestamp: u64, }, #[serde(rename_all = \"camelCase\")] StepAttempt { id: String, lane: String, run_id: String, step: String, attempt: u64, result_entry_id: String, #[serde(skip_serializing_if = \"Option::is_none\")] compaction_reason: Option<String>, seq: u64, timestamp: u64, }, #[serde(rename_all = \"camelCase\")] ToolStarted { id: String, lane: String, run_id: String, assistant_entry_id: String, tool_index: u64, tool_call_id: String, tool_name: String, effective_args: Map<String, Value>, result_entry_id: String, replay: String, seq: u64, timestamp: u64, }, #[serde(rename_all = \"camelCase\")] QueueEnqueued { id: String, lane: String, queue: String, #[serde(skip_serializing_if = \"Option::is_none\")] run_id: Option<String>, target: Value, seq: u64, timestamp: u64, }, #[serde(rename_all = \"camelCase\")] QueueCancelled { id: String, lane: String, #[serde(skip_serializing_if = \"Option::is_none\")] run_id: Option<String>, entry_id: String, seq: u64, timestamp: u64, }, #[serde(rename_all = \"camelCase\")] WriteDeferred { id: String, lane: String, run_id: String, target: Value, seq: u64, timestamp: u64, }, #[serde(rename_all = \"camelCase\")] Usage { id: String, lane: String, usage: Usage, cause: String, #[serde(skip_serializing_if = \"Option::is_none\")] run_id: Option<String>, #[serde(skip_serializing_if = \"Option::is_none\")] entry_id: Option<String>, #[serde(skip_serializing_if = \"Option::is_none\")] attempt: Option<u64>, #[serde(skip_serializing_if = \"Option::is_none\")] stop_reason: Option<StopReason>, #[serde(skip_serializing_if = \"Option::is_none\")] tool_call_id: Option<String>, #[serde(skip_serializing_if = \"Option::is_none\")] details: Option<Value>, seq: u64, timestamp: u64, }, }",
 "record::OperationIntent": "#[derive(Debug, Clone, PartialEq, Serialize, Deserialize)] #[serde(tag = \"kind\", rename_all = \"lowercase\")] pub enum OperationIntent { #[serde(rename_all = \"camelCase\")] Run { original_prompt: Vec<AgentMessage>, initial_messages: Vec<Value>, #[serde(skip_serializing_if = \"Option::is_none\")] system_prompt_override: Option<String>, #[serde(skip_serializing_if = \"Option::is_none\")] resume_data: Option<Map<String, Value>>, }, #[serde(rename_all = \"camelCase\")] Compaction { #[serde(skip_serializing_if = \"Option::is_none\")] custom_instructions: Option<String>, result_entry_id: String, }, #[serde(rename_all = \"camelCase\")] Navigation { target_id: Option<String>, summarize: bool, #[serde(skip_serializing_if = \"Option::is_none\")] custom_instructions: Option<String>, #[serde(skip_serializing_if = \"Option::is_none\")] label: Option<String>, #[serde(skip_serializing_if = \"Option::is_none\")] summary_entry_id: Option<String>, }, }",
 "schedule::CronSchedule": "#[derive(Debug, Clone, PartialEq, Serialize, Deserialize)] #[serde(rename_all = \"camelCase\")] pub struct CronSchedule { pub kind: ScheduleKind, pub expression: String, #[serde(skip_serializing_if = \"Option::is_none\")] pub interval_ms: Option<u64>, }",
 "schedule::DeliveryMode": "#[derive(Debug, Clone, Copy, PartialEq, Eq, Serialize, Deserialize)] #[serde(rename_all = \"snake_case\")] pub enum DeliveryMode { Steer, FollowUp, }",
 "schedule::DispatchRecord": "#[derive(Debug, Clone, PartialEq, Serialize, Deserialize)] #[serde(rename_all = \"camelCase\")] pub struct DispatchRecord { pub id: String, pub job_id: String, pub claimed_at: u64, pub scheduled_for: u64, #[serde(flatten)] pub extra: Map<String, Value>, }",
 "schedule::Job": "#[derive(Debug, Clone, PartialEq, Serialize, Deserialize)] #[serde(rename_all = \"camelCase\")] pub struct Job { pub id: String, pub status: JobStatus, #[serde(skip_serializing_if = \"Option::is_none\")] pub source: Option<JobSource>, #[serde(skip_serializing_if = \"Option::is_none\")] pub delivery_mode: Option<DeliveryMode>, pub session_id: String, pub cwd: String, #[serde(skip_serializing_if = \"Option::is_none\")] pub label: Option<String>, pub prompt: String, pub schedule: CronSchedule, pub created_at: u64, pub updated_at: u64, #[serde(skip_serializing_if = \"Option::is_none\")] pub next_run_at: Option<u64>, #[serde(skip_serializing_if = \"Option::is_none\")] pub last_run_at: Option<u64>, #[serde(skip_serializing_if = \"Option::is_none\")] pub last_skipped_at: Option<u64>, #[serde(skip_serializing_if = \"Option::is_none\")] pub last_error: Option<String>, pub run_count: u64, #[serde(flatten)] pub extra: Map<String, Value>, }",
 "schedule::JobSource": "#[derive(Debug, Clone, Copy, PartialEq, Eq, Serialize, Deserialize)] #[serde(rename_all = \"snake_case\")] pub enum JobSource { Cron, Heartbeat, RlmHeartbeat, }",
 "schedule::JobStatus": "#[derive(Debug, Clone, Copy, PartialEq, Eq, Serialize, Deserialize)] #[serde(rename_all = \"lowercase\")] pub enum JobStatus { Active, Paused, Completed, Cancelled, }",
 "schedule::ScheduleKind": "#[derive(Debug, Clone, Copy, PartialEq, Eq, Serialize, Deserialize)] #[serde(rename_all = \"lowercase\")] pub enum ScheduleKind { Once, Cron, Interval, }",
 "schedule::ScheduleState": "#[derive(Debug, Clone, Default, PartialEq, Serialize, Deserialize)] #[serde(rename_all = \"camelCase\")] pub struct ScheduleState { #[serde(default)] pub jobs: Vec<Job>, #[serde(default)] pub dispatches: Vec<DispatchRecord>, #[serde(flatten)] pub extra: Map<String, Value>, }",
 "subagent::ChildActivity": "#[derive(Debug, Clone, Copy, PartialEq, Eq, Serialize, Deserialize)] #[serde(rename_all = \"snake_case\")] pub enum ChildActivity { Waiting, Writing, Executing, }",
 "subagent::ChildId": "#[derive(Debug, Clone, PartialEq, Eq, Hash, PartialOrd, Ord, Serialize, Deserialize)] pub struct ChildId(pub String);",
 "subagent::ChildResult": "#[derive(Debug, Clone, PartialEq, Serialize, Deserialize)] #[serde(rename_all = \"camelCase\")] pub struct ChildResult { pub value: serde_json::Value, pub discoveries: Vec<Discovery>, #[serde(flatten)] pub extra: serde_json::Map<String, serde_json::Value>, }",
 "subagent::ChildStatus": "#[derive(Debug, Clone, Copy, PartialEq, Eq, Serialize, Deserialize)] #[serde(rename_all = \"snake_case\")] pub enum ChildStatus { Running, Completed, Error, }",
 "subagent::ChildUpdate": "#[derive(Debug, Clone, PartialEq, Serialize, Deserialize)] #[serde(rename_all = \"camelCase\")] pub struct ChildUpdate { pub id: ChildId, pub name: String, pub status: ChildStatus, pub activity: ChildActivity, pub tool_use_count: u64, pub token_count: u64, #[serde(skip_serializing_if = \"Option::is_none\")] pub answer_preview: Option<String>, #[serde(skip_serializing_if = \"Option::is_none\")] pub error: Option<String>, }",
 "subagent::Discovery": "#[derive(Debug, Clone, PartialEq, Serialize, Deserialize)] #[serde(rename_all = \"camelCase\")] pub struct Discovery { pub text: String, #[serde(skip_serializing_if = \"Option::is_none\")] pub violates_check_of: Option<String>, pub fingerprint: String, #[serde(flatten)] pub extra: serde_json::Map<String, serde_json::Value>, }",
 "wire::Fact": "#[derive(Debug, Clone, PartialEq, Serialize, Deserialize)] #[serde(tag = \"fact\", rename_all = \"lowercase\")] pub enum Fact { Name { #[serde(skip_serializing_if = \"Option::is_none\")] name: Option<String>, }, #[serde(rename_all = \"camelCase\")] Label { target_id: String, #[serde(skip_serializing_if = \"Option::is_none\")] label: Option<String>, }, Goal { goal: crate::goal::Goal }, Plan { plan: crate::plan::Plan }, }",
 "wire::HeaderKind": "#[derive(Debug, Clone, Copy, PartialEq, Eq, Serialize, Deserialize)] #[serde(rename_all = \"lowercase\")] pub enum HeaderKind { Header, }",
 "wire::JsonlV4Header": "#[derive(Debug, Clone, PartialEq, Serialize, Deserialize)] #[serde(rename_all = \"camelCase\")] pub struct JsonlV4Header { pub kind: HeaderKind, pub version: u64, pub id: String, pub created_at: u64, pub cwd: String, #[serde(skip_serializing_if = \"Option::is_none\")] pub parent_session_id: Option<String>, #[serde(skip_serializing_if = \"Option::is_none\")] pub legacy_parent_session_path: Option<String>, #[serde(skip_serializing_if = \"Option::is_none\")] pub metadata: Option<Map<String, Value>>, }",
 "wire::Mutation": "#[derive(Debug, Clone, PartialEq, Serialize, Deserialize)] #[expect( clippy::large_enum_variant, reason = \"wire DTOs mirror the JSON; variants are parse-then-drop, boxing buys nothing\" )] #[serde(tag = \"kind\", rename_all = \"lowercase\")] pub enum Mutation { Entry { #[serde(skip_serializing_if = \"Option::is_none\")] lane: Option<String>, #[serde(flatten)] entry: Entry, }, Record { #[serde(flatten)] record: LaneRecord, }, #[serde(rename_all = \"camelCase\")] Lane { seq: u64, lane: String, leaf_id: Option<String>, }, Fact { seq: u64, #[serde(flatten)] fact: Fact, }, }"
}
