# This file is automatically @generated by Cargo.
# It is not intended for manual editing.
version = 4

[[package]]
name = "yi-acp"
version = "0.1.0"

[[package]]
name = "yi-ai"
version = "0.1.0"

[[package]]
name = "yi-cli"
version = "0.1.0"

[[package]]
name = "yi-context"
version = "0.1.0"

[[package]]
name = "yi-kernel"
version = "0.1.0"

[[package]]
name = "yi-loop"
version = "0.1.0"

[[package]]
name = "yi-mcp-cli"
version = "0.1.0"

[[package]]
name = "yi-permission"
version = "0.1.0"

[[package]]
name = "yi-runtime"
version = "0.1.0"

[[package]]
name = "yi-session"
version = "0.1.0"

[[package]]
name = "yi-tools"
version = "0.1.0"

[[package]]
name = "yi-tui"
version = "0.1.0"

[[package]]
name = "yi-types"
version = "0.1.0"
